
Microsoft Visual Studio Solution File, Format Version 12.00
# Visual Studio Version 17
VisualStudioVersion = 17.14.35906.104 d17.14
MinimumVisualStudioVersion = 10.0.40219.1
Project("{FAE04EC0-301F-11D3-BF4B-00C04F79EFBC}") = "SimplexMethodReborn", "SimplexMethodReborn\SimplexMethodReborn.csproj", "{4D3B3B2D-DA07-48CA-AD10-D8F85DBB3EBC}"
EndProject
Project("{FAE04EC0-301F-11D3-BF4B-00C04F79EFBC}") = "Utils", "Utils\Utils.csproj", "{EC4255CF-8EAE-42BE-8AB5-4950FD428225}"
EndProject
Global
	GlobalSection(SolutionConfigurationPlatforms) = preSolution
		Debug|Any CPU = Debug|Any CPU
		Release|Any CPU = Release|Any CPU
	EndGlobalSection
	GlobalSection(ProjectConfigurationPlatforms) = postSolution
		{4D3B3B2D-DA07-48CA-AD10-D8F85DBB3EBC}.Debug|Any CPU.ActiveCfg = Debug|Any CPU
		{4D3B3B2D-DA07-48CA-AD10-D8F85DBB3EBC}.Debug|Any CPU.Build.0 = Debug|Any CPU
		{4D3B3B2D-DA07-48CA-AD10-D8F85DBB3EBC}.Release|Any CPU.ActiveCfg = Release|Any CPU
		{4D3B3B2D-DA07-48CA-AD10-D8F85DBB3EBC}.Release|Any CPU.Build.0 = Release|Any CPU
		{EC4255CF-8EAE-42BE-8AB5-4950FD428225}.Debug|Any CPU.ActiveCfg = Debug|Any CPU
		{EC4255CF-8EAE-42BE-8AB5-4950FD428225}.Debug|Any CPU.Build.0 = Debug|Any CPU
		{EC4255CF-8EAE-42BE-8AB5-4950FD428225}.Release|Any CPU.ActiveCfg = Release|Any CPU
		{EC4255CF-8EAE-42BE-8AB5-4950FD428225}.Release|Any CPU.Build.0 = Release|Any CPU
	EndGlobalSection
	GlobalSection(SolutionProperties) = preSolution
		HideSolutionNode = FALSE
	EndGlobalSection
	GlobalSection(ExtensibilityGlobals) = postSolution
		SolutionGuid = {13A9A524-FF4B-41CE-AADC-2CDBD56672DA}
	EndGlobalSection
EndGlobal
